{"filter":false,"title":"yarn.lock","tooltip":"/yarn.lock","undoManager":{"mark":-1,"position":-1,"stack":[]},"ace":{"folds":[],"scrolltop":0,"scrollleft":0,"selection":{"start":{"row":0,"column":0},"end":{"row":0,"column":0},"isBackwards":false},"options":{"guessTabSize":true,"useWrapMode":false,"wrapToView":true},"firstLineState":0},"timestamp":1510953214474,"hash":"1f0bc871d5ec86d6b292ac5c4940777142e8a533"}